
Microsoft Visual Studio Solution File, Format Version 12.00
# Visual Studio Version 17
VisualStudioVersion = 17.13.35931.197
MinimumVisualStudioVersion = 10.0.40219.1
Project("{FAE04EC0-301F-11D3-BF4B-00C04F79EFBC}") = "EcoTec.API", "EcoTec.API\EcoTec.API.csproj", "{7BF2827D-7E82-4056-8C40-7258CF9E7C9C}"
EndProject
Project("{FAE04EC0-301F-11D3-BF4B-00C04F79EFBC}") = "EcoTec.Domain", "EcoTec.Shared.Modelos\EcoTec.Domain.csproj", "{5FBA9526-593D-4ECC-818B-80D99A1801FF}"
EndProject
Project("{FAE04EC0-301F-11D3-BF4B-00C04F79EFBC}") = "EcoTec.Infra", "EcoTec.Shared.Dados\EcoTec.Infra.csproj", "{4556073F-3759-4625-BFBF-06EB39F9FAB5}"
EndProject
Global
	GlobalSection(SolutionConfigurationPlatforms) = preSolution
		Debug|Any CPU = Debug|Any CPU
		Release|Any CPU = Release|Any CPU
	EndGlobalSection
	GlobalSection(ProjectConfigurationPlatforms) = postSolution
		{7BF2827D-7E82-4056-8C40-7258CF9E7C9C}.Debug|Any CPU.ActiveCfg = Debug|Any CPU
		{7BF2827D-7E82-4056-8C40-7258CF9E7C9C}.Debug|Any CPU.Build.0 = Debug|Any CPU
		{7BF2827D-7E82-4056-8C40-7258CF9E7C9C}.Release|Any CPU.ActiveCfg = Release|Any CPU
		{7BF2827D-7E82-4056-8C40-7258CF9E7C9C}.Release|Any CPU.Build.0 = Release|Any CPU
		{5FBA9526-593D-4ECC-818B-80D99A1801FF}.Debug|Any CPU.ActiveCfg = Debug|Any CPU
		{5FBA9526-593D-4ECC-818B-80D99A1801FF}.Debug|Any CPU.Build.0 = Debug|Any CPU
		{5FBA9526-593D-4ECC-818B-80D99A1801FF}.Release|Any CPU.ActiveCfg = Release|Any CPU
		{5FBA9526-593D-4ECC-818B-80D99A1801FF}.Release|Any CPU.Build.0 = Release|Any CPU
		{4556073F-3759-4625-BFBF-06EB39F9FAB5}.Debug|Any CPU.ActiveCfg = Debug|Any CPU
		{4556073F-3759-4625-BFBF-06EB39F9FAB5}.Debug|Any CPU.Build.0 = Debug|Any CPU
		{4556073F-3759-4625-BFBF-06EB39F9FAB5}.Release|Any CPU.ActiveCfg = Release|Any CPU
		{4556073F-3759-4625-BFBF-06EB39F9FAB5}.Release|Any CPU.Build.0 = Release|Any CPU
	EndGlobalSection
	GlobalSection(SolutionProperties) = preSolution
		HideSolutionNode = FALSE
	EndGlobalSection
	GlobalSection(ExtensibilityGlobals) = postSolution
		SolutionGuid = {D775B04A-B27B-48B2-8759-2A725E324581}
	EndGlobalSection
EndGlobal
